
Microsoft Visual Studio Solution File, Format Version 12.00
# Visual Studio Version 16
VisualStudioVersion = 16.0.31205.134
MinimumVisualStudioVersion = 10.0.40219.1
Project("{FAE04EC0-301F-11D3-BF4B-00C04F79EFBC}") = "ConsoleApp4", "ConsoleApp4.csproj", "{2CF8680D-7E04-4561-9662-CB1C541D51DE}"
EndProject
Global
	GlobalSection(SolutionConfigurationPlatforms) = preSolution
		Debug|Any CPU = Debug|Any CPU
		Release|Any CPU = Release|Any CPU
	EndGlobalSection
	GlobalSection(ProjectConfigurationPlatforms) = postSolution
		{2CF8680D-7E04-4561-9662-CB1C541D51DE}.Debug|Any CPU.ActiveCfg = Debug|Any CPU
		{2CF8680D-7E04-4561-9662-CB1C541D51DE}.Debug|Any CPU.Build.0 = Debug|Any CPU
		{2CF8680D-7E04-4561-9662-CB1C541D51DE}.Release|Any CPU.ActiveCfg = Release|Any CPU
		{2CF8680D-7E04-4561-9662-CB1C541D51DE}.Release|Any CPU.Build.0 = Release|Any CPU
	EndGlobalSection
	GlobalSection(SolutionProperties) = preSolution
		HideSolutionNode = FALSE
	EndGlobalSection
	GlobalSection(ExtensibilityGlobals) = postSolution
		SolutionGuid = {5A7F8238-88CD-492F-9A35-EBB39BB809D6}
	EndGlobalSection
EndGlobal
